# This file is autogenerated, do not edit; changes may be undone by the next 'dep ensure'.


[[projects]]
  branch = "master"
  digest = "1:1e6af55ea6020b9b4d914fa23f3070dd7d96dc2216749f770e4da8f8545c795e"
  name = "github.com/rylans/getlang"
  packages = ["."]
  pruneopts = "UT"
  revision = "0a0f3a5aed5d93ca39afc363bd771cfa49e431d3"

[[projects]]
  digest = "1:37a084d96d03d81a060791378bc44f98f9ad0d48c20ddbc3e154afeeb1ef60f6"
  name = "golang.org/x/text"
  packages = [
    "internal/format",
    "internal/gen",
    "internal/language",
    "internal/language/compact",
    "internal/tag",
    "language",
    "language/display",
    "unicode/cldr",
  ]
  pruneopts = "UT"
  revision = "342b2e1fbaa52c93f31447ad2c6abc048c63e475"
  version = "v0.3.2"

[solve-meta]
  analyzer-name = "dep"
  analyzer-version = 1
  input-imports = ["github.com/rylans/getlang"]
  solver-name = "gps-cdcl"
  solver-version = 1
